
Microsoft Visual Studio Solution File, Format Version 12.00
# Visual Studio 2012
Project("{FAE04EC0-301F-11D3-BF4B-00C04F79EFBC}") = "IodineBinding", "IodineBindings\IodineBinding.csproj", "{671486AC-04E1-4EE7-AA7E-7CCCE41EB786}"
EndProject
Global
	GlobalSection(SolutionConfigurationPlatforms) = preSolution
		Debug|Any CPU = Debug|Any CPU
		Release|Any CPU = Release|Any CPU
	EndGlobalSection
	GlobalSection(ProjectConfigurationPlatforms) = postSolution
		{671486AC-04E1-4EE7-AA7E-7CCCE41EB786}.Debug|Any CPU.ActiveCfg = Debug|Any CPU
		{671486AC-04E1-4EE7-AA7E-7CCCE41EB786}.Debug|Any CPU.Build.0 = Debug|Any CPU
		{671486AC-04E1-4EE7-AA7E-7CCCE41EB786}.Release|Any CPU.ActiveCfg = Release|Any CPU
		{671486AC-04E1-4EE7-AA7E-7CCCE41EB786}.Release|Any CPU.Build.0 = Release|Any CPU
	EndGlobalSection
EndGlobal
